
Microsoft Visual Studio Solution File, Format Version 12.00
# Visual Studio 15
VisualStudioVersion = 15.0.26430.15
MinimumVisualStudioVersion = 10.0.40219.1
Project("{9A19103F-16F7-4668-BE54-9A1E7A4F7556}") = "Website", "Website\Website.csproj", "{5E4FDD7C-34E1-43B0-BECB-49B803CA02DF}"
EndProject
Project("{9A19103F-16F7-4668-BE54-9A1E7A4F7556}") = "Repositories", "Repositories\Repositories.csproj", "{2FF9FA2D-A49D-4AEA-B89C-8A9FF91D8967}"
EndProject
Project("{9A19103F-16F7-4668-BE54-9A1E7A4F7556}") = "Domain", "Domain\Domain.csproj", "{18FAED20-339E-4A19-86A0-8C95907D86EE}"
EndProject
Project("{FAE04EC0-301F-11D3-BF4B-00C04F79EFBC}") = "RideCollector", "RideCollector\RideCollector.csproj", "{490FCF9D-A73F-4A81-826A-432B738AB005}"
EndProject
Global
	GlobalSection(SolutionConfigurationPlatforms) = preSolution
		Debug|Any CPU = Debug|Any CPU
		Release|Any CPU = Release|Any CPU
	EndGlobalSection
	GlobalSection(ProjectConfigurationPlatforms) = postSolution
		{5E4FDD7C-34E1-43B0-BECB-49B803CA02DF}.Debug|Any CPU.ActiveCfg = Debug|Any CPU
		{5E4FDD7C-34E1-43B0-BECB-49B803CA02DF}.Debug|Any CPU.Build.0 = Debug|Any CPU
		{5E4FDD7C-34E1-43B0-BECB-49B803CA02DF}.Release|Any CPU.ActiveCfg = Release|Any CPU
		{5E4FDD7C-34E1-43B0-BECB-49B803CA02DF}.Release|Any CPU.Build.0 = Release|Any CPU
		{2FF9FA2D-A49D-4AEA-B89C-8A9FF91D8967}.Debug|Any CPU.ActiveCfg = Debug|Any CPU
		{2FF9FA2D-A49D-4AEA-B89C-8A9FF91D8967}.Debug|Any CPU.Build.0 = Debug|Any CPU
		{2FF9FA2D-A49D-4AEA-B89C-8A9FF91D8967}.Release|Any CPU.ActiveCfg = Release|Any CPU
		{2FF9FA2D-A49D-4AEA-B89C-8A9FF91D8967}.Release|Any CPU.Build.0 = Release|Any CPU
		{18FAED20-339E-4A19-86A0-8C95907D86EE}.Debug|Any CPU.ActiveCfg = Debug|Any CPU
		{18FAED20-339E-4A19-86A0-8C95907D86EE}.Debug|Any CPU.Build.0 = Debug|Any CPU
		{18FAED20-339E-4A19-86A0-8C95907D86EE}.Release|Any CPU.ActiveCfg = Release|Any CPU
		{18FAED20-339E-4A19-86A0-8C95907D86EE}.Release|Any CPU.Build.0 = Release|Any CPU
		{490FCF9D-A73F-4A81-826A-432B738AB005}.Debug|Any CPU.ActiveCfg = Debug|Any CPU
		{490FCF9D-A73F-4A81-826A-432B738AB005}.Debug|Any CPU.Build.0 = Debug|Any CPU
		{490FCF9D-A73F-4A81-826A-432B738AB005}.Release|Any CPU.ActiveCfg = Release|Any CPU
		{490FCF9D-A73F-4A81-826A-432B738AB005}.Release|Any CPU.Build.0 = Release|Any CPU
	EndGlobalSection
	GlobalSection(SolutionProperties) = preSolution
		HideSolutionNode = FALSE
	EndGlobalSection
EndGlobal
